dependencies:
  idf:
    source:
      type: idf
    version: 6.0.1
  keemash_mesh_core:
    component_hash: 694320516b632335ee3ad9814290a73764b4afa38b99b7c3007e40af32a837aa
    dependencies:
    - name: idf
      version: '>=6.0.1,<6.1'
    source:
      git: https://github.com/kennet-one/keemash_core.git
      path: .
      type: git
    version: d04956481e39d8d06e35492a170240363dadc0e9
direct_dependencies:
- keemash_mesh_core
manifest_hash: 07259bfe9be5871ff2c81c0d3c555e677fdeaef93e495c1a19669f0adbd95d89
target: esp32s3
version: 3.0.0
