dependencies:
  idf:
    source:
      type: idf
    version: 6.0.1
  keemash_mesh_core:
    component_hash: a131965f2e803ce497bb33bf3a3decf94b4800d5e4a67e0f20da7d68b4fe654e
    dependencies:
    - name: idf
      version: '>=6.0.1,<6.1'
    source:
      git: https://github.com/kennet-one/keemash_core.git
      path: .
      type: git
    version: c475e383ce78c0e26dfed2988591ae6d7b837e19
direct_dependencies:
- keemash_mesh_core
manifest_hash: e4a9b51916988c73e5763ea2b5069d6505aa34c9d7f4f034deba35c721b57fd9
target: esp32s3
version: 3.0.0
