dependencies:
  idf:
    source:
      type: idf
    version: 6.0.1
  keemash_mesh_core:
    component_hash: ff3ac57aca0cc366f2fb4408d80bd10f7af8712ee6f68f156d705fda95a8cdb3
    dependencies:
    - name: idf
      version: '>=6.0.1,<6.1'
    source:
      git: https://github.com/kennet-one/keemash_core.git
      path: .
      type: git
    version: c67789096b201990f0873c72203605236855c904
direct_dependencies:
- keemash_mesh_core
manifest_hash: c0f80d430ec0058c9ad693e0b1ce8d4c44fd5cfb0a53f9edd889fb145ad5240a
target: esp32s3
version: 3.0.0
